
Microsoft Visual Studio Solution File, Format Version 12.00
# Visual Studio Version 17
VisualStudioVersion = 17.13.35825.156 d17.13
MinimumVisualStudioVersion = 10.0.40219.1
Project("{FAE04EC0-301F-11D3-BF4B-00C04F79EFBC}") = "game1", "game1\game1.csproj", "{40D592EB-79FE-4CA7-A897-11D1B264ED78}"
EndProject
Global
	GlobalSection(SolutionConfigurationPlatforms) = preSolution
		Debug|Any CPU = Debug|Any CPU
		Release|Any CPU = Release|Any CPU
	EndGlobalSection
	GlobalSection(ProjectConfigurationPlatforms) = postSolution
		{40D592EB-79FE-4CA7-A897-11D1B264ED78}.Debug|Any CPU.ActiveCfg = Debug|Any CPU
		{40D592EB-79FE-4CA7-A897-11D1B264ED78}.Debug|Any CPU.Build.0 = Debug|Any CPU
		{40D592EB-79FE-4CA7-A897-11D1B264ED78}.Release|Any CPU.ActiveCfg = Release|Any CPU
		{40D592EB-79FE-4CA7-A897-11D1B264ED78}.Release|Any CPU.Build.0 = Release|Any CPU
	EndGlobalSection
	GlobalSection(SolutionProperties) = preSolution
		HideSolutionNode = FALSE
	EndGlobalSection
	GlobalSection(ExtensibilityGlobals) = postSolution
		SolutionGuid = {40B8DE25-E4FE-492A-A974-0AE3E36487F0}
	EndGlobalSection
EndGlobal
